// !$*UTF8*$!
{
	archiveVersion = 1;
	classes = {
	};
	objectVersion = 56;
	objects = {

/* Begin PBXBuildFile section */
		FF65C1E72B39DB3E0046C11A /* AppDelegate.swift in Sources */ = {isa = PBXBuildFile; fileRef = FF65C1E62B39DB3E0046C11A /* AppDelegate.swift */; };
		FF65C1E92B39DB3E0046C11A /* SceneDelegate.swift in Sources */ = {isa = PBXBuildFile; fileRef = FF65C1E82B39DB3E0046C11A /* SceneDelegate.swift */; };
		FF65C1EB2B39DB3E0046C11A /* ViewController.swift in Sources */ = {isa = PBXBuildFile; fileRef = FF65C1EA2B39DB3E0046C11A /* ViewController.swift */; };
		FF65C1EE2B39DB3E0046C11A /* Main.storyboard in Resources */ = {isa = PBXBuildFile; fileRef = FF65C1EC2B39DB3E0046C11A /* Main.storyboard */; };
		FF65C1F12B39DB3E0046C11A /* ArtBookProject.xcdatamodeld in Sources */ = {isa = PBXBuildFile; fileRef = FF65C1EF2B39DB3E0046C11A /* ArtBookProject.xcdatamodeld */; };
		FF65C1F32B39DB3F0046C11A /* Assets.xcassets in Resources */ = {isa = PBXBuildFile; fileRef = FF65C1F22B39DB3F0046C11A /* Assets.xcassets */; };
		FF65C1F62B39DB3F0046C11A /* LaunchScreen.storyboard in Resources */ = {isa = PBXBuildFile; fileRef = FF65C1F42B39DB3F0046C11A /* LaunchScreen.storyboard */; };
		FF65C2012B39DB3F0046C11A /* ArtBookProjectTests.swift in Sources */ = {isa = PBXBuildFile; fileRef = FF65C2002B39DB3F0046C11A /* ArtBookProjectTests.swift */; };
		FF65C20B2B39DB3F0046C11A /* ArtBookProjectUITests.swift in Sources */ = {isa = PBXBuildFile; fileRef = FF65C20A2B39DB3F0046C11A /* ArtBookProjectUITests.swift */; };
		FF65C20D2B39DB3F0046C11A /* ArtBookProjectUITestsLaunchTests.swift in Sources */ = {isa = PBXBuildFile; fileRef = FF65C20C2B39DB3F0046C11A /* ArtBookProjectUITestsLaunchTests.swift */; };
		FF65C21A2B39F5EC0046C11A /* DetailsVC.swift in Sources */ = {isa = PBXBuildFile; fileRef = FF65C2192B39F5EC0046C11A /* DetailsVC.swift */; };
/* End PBXBuildFile section */

/* Begin PBXContainerItemProxy section */
		FF65C1FD2B39DB3F0046C11A /* PBXContainerItemProxy */ = {
			isa = PBXContainerItemProxy;
			containerPortal = FF65C1DB2B39DB3E0046C11A /* Project object */;
			proxyType = 1;
			remoteGlobalIDString = FF65C1E22B39DB3E0046C11A;
			remoteInfo = ArtBookProject;
		};
		FF65C2072B39DB3F0046C11A /* PBXContainerItemProxy */ = {
			isa = PBXContainerItemProxy;
			containerPortal = FF65C1DB2B39DB3E0046C11A /* Project object */;
			proxyType = 1;
			remoteGlobalIDString = FF65C1E22B39DB3E0046C11A;
			remoteInfo = ArtBookProject;
		};
/* End PBXContainerItemProxy section */

/* Begin PBXFileReference section */
		FF65C1E32B39DB3E0046C11A /* ArtBookProject.app */ = {isa = PBXFileReference; explicitFileType = wrapper.application; includeInIndex = 0; path = ArtBookProject.app; sourceTree = BUILT_PRODUCTS_DIR; };
		FF65C1E62B39DB3E0046C11A /* AppDelegate.swift */ = {isa = PBXFileReference; lastKnownFileType = sourcecode.swift; path = AppDelegate.swift; sourceTree = "<group>"; };
		FF65C1E82B39DB3E0046C11A /* SceneDelegate.swift */ = {isa = PBXFileReference; lastKnownFileType = sourcecode.swift; path = SceneDelegate.swift; sourceTree = "<group>"; };
		FF65C1EA2B39DB3E0046C11A /* ViewController.swift */ = {isa = PBXFileReference; lastKnownFileType = sourcecode.swift; path = ViewController.swift; sourceTree = "<group>"; };
		FF65C1ED2B39DB3E0046C11A /* Base */ = {isa = PBXFileReference; lastKnownFileType = file.storyboard; name = Base; path = Base.lproj/Main.storyboard; sourceTree = "<group>"; };
		FF65C1F02B39DB3E0046C11A /* ArtBookProject.xcdatamodel */ = {isa = PBXFileReference; lastKnownFileType = wrapper.xcdatamodel; path = ArtBookProject.xcdatamodel; sourceTree = "<group>"; };
		FF65C1F22B39DB3F0046C11A /* Assets.xcassets */ = {isa = PBXFileReference; lastKnownFileType = folder.assetcatalog; path = Assets.xcassets; sourceTree = "<group>"; };
		FF65C1F52B39DB3F0046C11A /* Base */ = {isa = PBXFileReference; lastKnownFileType = file.storyboard; name = Base; path = Base.lproj/LaunchScreen.storyboard; sourceTree = "<group>"; };
		FF65C1F72B39DB3F0046C11A /* Info.plist */ = {isa = PBXFileReference; lastKnownFileType = text.plist.xml; path = Info.plist; sourceTree = "<group>"; };
		FF65C1FC2B39DB3F0046C11A /* ArtBookProjectTests.xctest */ = {isa = PBXFileReference; explicitFileType = wrapper.cfbundle; includeInIndex = 0; path = ArtBookProjectTests.xctest; sourceTree = BUILT_PRODUCTS_DIR; };
		FF65C2002B39DB3F0046C11A /* ArtBookProjectTests.swift */ = {isa = PBXFileReference; lastKnownFileType = sourcecode.swift; path = ArtBookProjectTests.swift; sourceTree = "<group>"; };
		FF65C2062B39DB3F0046C11A /* ArtBookProjectUITests.xctest */ = {isa = PBXFileReference; explicitFileType = wrapper.cfbundle; includeInIndex = 0; path = ArtBookProjectUITests.xctest; sourceTree = BUILT_PRODUCTS_DIR; };
		FF65C20A2B39DB3F0046C11A /* ArtBookProjectUITests.swift */ = {isa = PBXFileReference; lastKnownFileType = sourcecode.swift; path = ArtBookProjectUITests.swift; sourceTree = "<group>"; };
		FF65C20C2B39DB3F0046C11A /* ArtBookProjectUITestsLaunchTests.swift */ = {isa = PBXFileReference; lastKnownFileType = sourcecode.swift; path = ArtBookProjectUITestsLaunchTests.swift; sourceTree = "<group>"; };
		FF65C2192B39F5EC0046C11A /* DetailsVC.swift */ = {isa = PBXFileReference; lastKnownFileType = sourcecode.swift; path = DetailsVC.swift; sourceTree = "<group>"; };
/* End PBXFileReference section */

/* Begin PBXFrameworksBuildPhase section */
		FF65C1E02B39DB3E0046C11A /* Frameworks */ = {
			isa = PBXFrameworksBuildPhase;
			buildActionMask = 2147483647;
			files = (
			);
			runOnlyForDeploymentPostprocessing = 0;
		};
		FF65C1F92B39DB3F0046C11A /* Frameworks */ = {
			isa = PBXFrameworksBuildPhase;
			buildActionMask = 2147483647;
			files = (
			);
			runOnlyForDeploymentPostprocessing = 0;
		};
		FF65C2032B39DB3F0046C11A /* Frameworks */ = {
			isa = PBXFrameworksBuildPhase;
			buildActionMask = 2147483647;
			files = (
			);
			runOnlyForDeploymentPostprocessing = 0;
		};
/* End PBXFrameworksBuildPhase section */

/* Begin PBXGroup section */
		FF65C1DA2B39DB3E0046C11A = {
			isa = PBXGroup;
			children = (
				FF65C1E52B39DB3E0046C11A /* ArtBookProject */,
				FF65C1FF2B39DB3F0046C11A /* ArtBookProjectTests */,
				FF65C2092B39DB3F0046C11A /* ArtBookProjectUITests */,
				FF65C1E42B39DB3E0046C11A /* Products */,
			);
			sourceTree = "<group>";
		};
		FF65C1E42B39DB3E0046C11A /* Products */ = {
			isa = PBXGroup;
			children = (
				FF65C1E32B39DB3E0046C11A /* ArtBookProject.app */,
				FF65C1FC2B39DB3F0046C11A /* ArtBookProjectTests.xctest */,
				FF65C2062B39DB3F0046C11A /* ArtBookProjectUITests.xctest */,
			);
			name = Products;
			sourceTree = "<group>";
		};
		FF65C1E52B39DB3E0046C11A /* ArtBookProject */ = {
			isa = PBXGroup;
			children = (
				FF65C1E62B39DB3E0046C11A /* AppDelegate.swift */,
				FF65C1E82B39DB3E0046C11A /* SceneDelegate.swift */,
				FF65C1EA2B39DB3E0046C11A /* ViewController.swift */,
				FF65C2192B39F5EC0046C11A /* DetailsVC.swift */,
				FF65C1EC2B39DB3E0046C11A /* Main.storyboard */,
				FF65C1F22B39DB3F0046C11A /* Assets.xcassets */,
				FF65C1F42B39DB3F0046C11A /* LaunchScreen.storyboard */,
				FF65C1F72B39DB3F0046C11A /* Info.plist */,
				FF65C1EF2B39DB3E0046C11A /* ArtBookProject.xcdatamodeld */,
			);
			path = ArtBookProject;
			sourceTree = "<group>";
		};
		FF65C1FF2B39DB3F0046C11A /* ArtBookProjectTests */ = {
			isa = PBXGroup;
			children = (
				FF65C2002B39DB3F0046C11A /* ArtBookProjectTests.swift */,
			);
			path = ArtBookProjectTests;
			sourceTree = "<group>";
		};
		FF65C2092B39DB3F0046C11A /* ArtBookProjectUITests */ = {
			isa = PBXGroup;
			children = (
				FF65C20A2B39DB3F0046C11A /* ArtBookProjectUITests.swift */,
				FF65C20C2B39DB3F0046C11A /* ArtBookProjectUITestsLaunchTests.swift */,
			);
			path = ArtBookProjectUITests;
			sourceTree = "<group>";
		};
/* End PBXGroup section */

/* Begin PBXNativeTarget section */
		FF65C1E22B39DB3E0046C11A /* ArtBookProject */ = {
			isa = PBXNativeTarget;
			buildConfigurationList = FF65C2102B39DB3F0046C11A /* Build configuration list for PBXNativeTarget "ArtBookProject" */;
			buildPhases = (
				FF65C1DF2B39DB3E0046C11A /* Sources */,
				FF65C1E02B39DB3E0046C11A /* Frameworks */,
				FF65C1E12B39DB3E0046C11A /* Resources */,
			);
			buildRules = (
			);
			dependencies = (
			);
			name = ArtBookProject;
			productName = ArtBookProject;
			productReference = FF65C1E32B39DB3E0046C11A /* ArtBookProject.app */;
			productType = "com.apple.product-type.application";
		};
		FF65C1FB2B39DB3F0046C11A /* ArtBookProjectTests */ = {
			isa = PBXNativeTarget;
			buildConfigurationList = FF65C2132B39DB3F0046C11A /* Build configuration list for PBXNativeTarget "ArtBookProjectTests" */;
			buildPhases = (
				FF65C1F82B39DB3F0046C11A /* Sources */,
				FF65C1F92B39DB3F0046C11A /* Frameworks */,
				FF65C1FA2B39DB3F0046C11A /* Resources */,
			);
			buildRules = (
			);
			dependencies = (
				FF65C1FE2B39DB3F0046C11A /* PBXTargetDependency */,
			);
			name = ArtBookProjectTests;
			productName = ArtBookProjectTests;
			productReference = FF65C1FC2B39DB3F0046C11A /* ArtBookProjectTests.xctest */;
			productType = "com.apple.product-type.bundle.unit-test";
		};
		FF65C2052B39DB3F0046C11A /* ArtBookProjectUITests */ = {
			isa = PBXNativeTarget;
			buildConfigurationList = FF65C2162B39DB3F0046C11A /* Build configuration list for PBXNativeTarget "ArtBookProjectUITests" */;
			buildPhases = (
				FF65C2022B39DB3F0046C11A /* Sources */,
				FF65C2032B39DB3F0046C11A /* Frameworks */,
				FF65C2042B39DB3F0046C11A /* Resources */,
			);
			buildRules = (
			);
			dependencies = (
				FF65C2082B39DB3F0046C11A /* PBXTargetDependency */,
			);
			name = ArtBookProjectUITests;
			productName = ArtBookProjectUITests;
			productReference = FF65C2062B39DB3F0046C11A /* ArtBookProjectUITests.xctest */;
			productType = "com.apple.product-type.bundle.ui-testing";
		};
/* End PBXNativeTarget section */

/* Begin PBXProject section */
		FF65C1DB2B39DB3E0046C11A /* Project object */ = {
			isa = PBXProject;
			attributes = {
				BuildIndependentTargetsInParallel = 1;
				LastSwiftUpdateCheck = 1420;
				LastUpgradeCheck = 1420;
				TargetAttributes = {
					FF65C1E22B39DB3E0046C11A = {
						CreatedOnToolsVersion = 14.2;
					};
					FF65C1FB2B39DB3F0046C11A = {
						CreatedOnToolsVersion = 14.2;
						TestTargetID = FF65C1E22B39DB3E0046C11A;
					};
					FF65C2052B39DB3F0046C11A = {
						CreatedOnToolsVersion = 14.2;
						TestTargetID = FF65C1E22B39DB3E0046C11A;
					};
				};
			};
			buildConfigurationList = FF65C1DE2B39DB3E0046C11A /* Build configuration list for PBXProject "ArtBookProject" */;
			compatibilityVersion = "Xcode 14.0";
			developmentRegion = en;
			hasScannedForEncodings = 0;
			knownRegions = (
				en,
				Base,
			);
			mainGroup = FF65C1DA2B39DB3E0046C11A;
			productRefGroup = FF65C1E42B39DB3E0046C11A /* Products */;
			projectDirPath = "";
			projectRoot = "";
			targets = (
				FF65C1E22B39DB3E0046C11A /* ArtBookProject */,
				FF65C1FB2B39DB3F0046C11A /* ArtBookProjectTests */,
				FF65C2052B39DB3F0046C11A /* ArtBookProjectUITests */,
			);
		};
/* End PBXProject section */

/* Begin PBXResourcesBuildPhase section */
		FF65C1E12B39DB3E0046C11A /* Resources */ = {
			isa = PBXResourcesBuildPhase;
			buildActionMask = 2147483647;
			files = (
				FF65C1F62B39DB3F0046C11A /* LaunchScreen.storyboard in Resources */,
				FF65C1F32B39DB3F0046C11A /* Assets.xcassets in Resources */,
				FF65C1EE2B39DB3E0046C11A /* Main.storyboard in Resources */,
			);
			runOnlyForDeploymentPostprocessing = 0;
		};
		FF65C1FA2B39DB3F0046C11A /* Resources */ = {
			isa = PBXResourcesBuildPhase;
			buildActionMask = 2147483647;
			files = (
			);
			runOnlyForDeploymentPostprocessing = 0;
		};
		FF65C2042B39DB3F0046C11A /* Resources */ = {
			isa = PBXResourcesBuildPhase;
			buildActionMask = 2147483647;
			files = (
			);
			runOnlyForDeploymentPostprocessing = 0;
		};
/* End PBXResourcesBuildPhase section */

/* Begin PBXSourcesBuildPhase section */
		FF65C1DF2B39DB3E0046C11A /* Sources */ = {
			isa = PBXSourcesBuildPhase;
			buildActionMask = 2147483647;
			files = (
				FF65C1F12B39DB3E0046C11A /* ArtBookProject.xcdatamodeld in Sources */,
				FF65C1EB2B39DB3E0046C11A /* ViewController.swift in Sources */,
				FF65C1E72B39DB3E0046C11A /* AppDelegate.swift in Sources */,
				FF65C1E92B39DB3E0046C11A /* SceneDelegate.swift in Sources */,
				FF65C21A2B39F5EC0046C11A /* DetailsVC.swift in Sources */,
			);
			runOnlyForDeploymentPostprocessing = 0;
		};
		FF65C1F82B39DB3F0046C11A /* Sources */ = {
			isa = PBXSourcesBuildPhase;
			buildActionMask = 2147483647;
			files = (
				FF65C2012B39DB3F0046C11A /* ArtBookProjectTests.swift in Sources */,
			);
			runOnlyForDeploymentPostprocessing = 0;
		};
		FF65C2022B39DB3F0046C11A /* Sources */ = {
			isa = PBXSourcesBuildPhase;
			buildActionMask = 2147483647;
			files = (
				FF65C20B2B39DB3F0046C11A /* ArtBookProjectUITests.swift in Sources */,
				FF65C20D2B39DB3F0046C11A /* ArtBookProjectUITestsLaunchTests.swift in Sources */,
			);
			runOnlyForDeploymentPostprocessing = 0;
		};
/* End PBXSourcesBuildPhase section */

/* Begin PBXTargetDependency section */
		FF65C1FE2B39DB3F0046C11A /* PBXTargetDependency */ = {
			isa = PBXTargetDependency;
			target = FF65C1E22B39DB3E0046C11A /* ArtBookProject */;
			targetProxy = FF65C1FD2B39DB3F0046C11A /* PBXContainerItemProxy */;
		};
		FF65C2082B39DB3F0046C11A /* PBXTargetDependency */ = {
			isa = PBXTargetDependency;
			target = FF65C1E22B39DB3E0046C11A /* ArtBookProject */;
			targetProxy = FF65C2072B39DB3F0046C11A /* PBXContainerItemProxy */;
		};
/* End PBXTargetDependency section */

/* Begin PBXVariantGroup section */
		FF65C1EC2B39DB3E0046C11A /* Main.storyboard */ = {
			isa = PBXVariantGroup;
			children = (
				FF65C1ED2B39DB3E0046C11A /* Base */,
			);
			name = Main.storyboard;
			sourceTree = "<group>";
		};
		FF65C1F42B39DB3F0046C11A /* LaunchScreen.storyboard */ = {
			isa = PBXVariantGroup;
			children = (
				FF65C1F52B39DB3F0046C11A /* Base */,
			);
			name = LaunchScreen.storyboard;
			sourceTree = "<group>";
		};
/* End PBXVariantGroup section */

/* Begin XCBuildConfiguration section */
		FF65C20E2B39DB3F0046C11A /* Debug */ = {
			isa = XCBuildConfiguration;
			buildSettings = {
				ALWAYS_SEARCH_USER_PATHS = NO;
				CLANG_ANALYZER_NONNULL = YES;
				CLANG_ANALYZER_NUMBER_OBJECT_CONVERSION = YES_AGGRESSIVE;
				CLANG_CXX_LANGUAGE_STANDARD = "gnu++20";
				CLANG_ENABLE_MODULES = YES;
				CLANG_ENABLE_OBJC_ARC = YES;
				CLANG_ENABLE_OBJC_WEAK = YES;
				CLANG_WARN_BLOCK_CAPTURE_AUTORELEASING = YES;
				CLANG_WARN_BOOL_CONVERSION = YES;
				CLANG_WARN_COMMA = YES;
				CLANG_WARN_CONSTANT_CONVERSION = YES;
				CLANG_WARN_DEPRECATED_OBJC_IMPLEMENTATIONS = YES;
				CLANG_WARN_DIRECT_OBJC_ISA_USAGE = YES_ERROR;
				CLANG_WARN_DOCUMENTATION_COMMENTS = YES;
				CLANG_WARN_EMPTY_BODY = YES;
				CLANG_WARN_ENUM_CONVERSION = YES;
				CLANG_WARN_INFINITE_RECURSION = YES;
				CLANG_WARN_INT_CONVERSION = YES;
				CLANG_WARN_NON_LITERAL_NULL_CONVERSION = YES;
				CLANG_WARN_OBJC_IMPLICIT_RETAIN_SELF = YES;
				CLANG_WARN_OBJC_LITERAL_CONVERSION = YES;
				CLANG_WARN_OBJC_ROOT_CLASS = YES_ERROR;
				CLANG_WARN_QUOTED_INCLUDE_IN_FRAMEWORK_HEADER = YES;
				CLANG_WARN_RANGE_LOOP_ANALYSIS = YES;
				CLANG_WARN_STRICT_PROTOTYPES = YES;
				CLANG_WARN_SUSPICIOUS_MOVE = YES;
				CLANG_WARN_UNGUARDED_AVAILABILITY = YES_AGGRESSIVE;
				CLANG_WARN_UNREACHABLE_CODE = YES;
				CLANG_WARN__DUPLICATE_METHOD_MATCH = YES;
				COPY_PHASE_STRIP = NO;
				DEBUG_INFORMATION_FORMAT = dwarf;
				ENABLE_STRICT_OBJC_MSGSEND = YES;
				ENABLE_TESTABILITY = YES;
				GCC_C_LANGUAGE_STANDARD = gnu11;
				GCC_DYNAMIC_NO_PIC = NO;
				GCC_NO_COMMON_BLOCKS = YES;
				GCC_OPTIMIZATION_LEVEL = 0;
				GCC_PREPROCESSOR_DEFINITIONS = (
					"DEBUG=1",
					"$(inherited)",
				);
				GCC_WARN_64_TO_32_BIT_CONVERSION = YES;
				GCC_WARN_ABOUT_RETURN_TYPE = YES_ERROR;
				GCC_WARN_UNDECLARED_SELECTOR = YES;
				GCC_WARN_UNINITIALIZED_AUTOS = YES_AGGRESSIVE;
				GCC_WARN_UNUSED_FUNCTION = YES;
				GCC_WARN_UNUSED_VARIABLE = YES;
				IPHONEOS_DEPLOYMENT_TARGET = 16.2;
				MTL_ENABLE_DEBUG_INFO = INCLUDE_SOURCE;
				MTL_FAST_MATH = YES;
				ONLY_ACTIVE_ARCH = YES;
				SDKROOT = iphoneos;
				SWIFT_ACTIVE_COMPILATION_CONDITIONS = DEBUG;
				SWIFT_OPTIMIZATION_LEVEL = "-Onone";
			};
			name = Debug;
		};
		FF65C20F2B39DB3F0046C11A /* Release */ = {
			isa = XCBuildConfiguration;
			buildSettings = {
				ALWAYS_SEARCH_USER_PATHS = NO;
				CLANG_ANALYZER_NONNULL = YES;
				CLANG_ANALYZER_NUMBER_OBJECT_CONVERSION = YES_AGGRESSIVE;
				CLANG_CXX_LANGUAGE_STANDARD = "gnu++20";
				CLANG_ENABLE_MODULES = YES;
				CLANG_ENABLE_OBJC_ARC = YES;
				CLANG_ENABLE_OBJC_WEAK = YES;
				CLANG_WARN_BLOCK_CAPTURE_AUTORELEASING = YES;
				CLANG_WARN_BOOL_CONVERSION = YES;
				CLANG_WARN_COMMA = YES;
				CLANG_WARN_CONSTANT_CONVERSION = YES;
				CLANG_WARN_DEPRECATED_OBJC_IMPLEMENTATIONS = YES;
				CLANG_WARN_DIRECT_OBJC_ISA_USAGE = YES_ERROR;
				CLANG_WARN_DOCUMENTATION_COMMENTS = YES;
				CLANG_WARN_EMPTY_BODY = YES;
				CLANG_WARN_ENUM_CONVERSION = YES;
				CLANG_WARN_INFINITE_RECURSION = YES;
				CLANG_WARN_INT_CONVERSION = YES;
				CLANG_WARN_NON_LITERAL_NULL_CONVERSION = YES;
				CLANG_WARN_OBJC_IMPLICIT_RETAIN_SELF = YES;
				CLANG_WARN_OBJC_LITERAL_CONVERSION = YES;
				CLANG_WARN_OBJC_ROOT_CLASS = YES_ERROR;
				CLANG_WARN_QUOTED_INCLUDE_IN_FRAMEWORK_HEADER = YES;
				CLANG_WARN_RANGE_LOOP_ANALYSIS = YES;
				CLANG_WARN_STRICT_PROTOTYPES = YES;
				CLANG_WARN_SUSPICIOUS_MOVE = YES;
				CLANG_WARN_UNGUARDED_AVAILABILITY = YES_AGGRESSIVE;
				CLANG_WARN_UNREACHABLE_CODE = YES;
				CLANG_WARN__DUPLICATE_METHOD_MATCH = YES;
				COPY_PHASE_STRIP = NO;
				DEBUG_INFORMATION_FORMAT = "dwarf-with-dsym";
				ENABLE_NS_ASSERTIONS = NO;
				ENABLE_STRICT_OBJC_MSGSEND = YES;
				GCC_C_LANGUAGE_STANDARD = gnu11;
				GCC_NO_COMMON_BLOCKS = YES;
				GCC_WARN_64_TO_32_BIT_CONVERSION = YES;
				GCC_WARN_ABOUT_RETURN_TYPE = YES_ERROR;
				GCC_WARN_UNDECLARED_SELECTOR = YES;
				GCC_WARN_UNINITIALIZED_AUTOS = YES_AGGRESSIVE;
				GCC_WARN_UNUSED_FUNCTION = YES;
				GCC_WARN_UNUSED_VARIABLE = YES;
				IPHONEOS_DEPLOYMENT_TARGET = 16.2;
				MTL_ENABLE_DEBUG_INFO = NO;
				MTL_FAST_MATH = YES;
				SDKROOT = iphoneos;
				SWIFT_COMPILATION_MODE = wholemodule;
				SWIFT_OPTIMIZATION_LEVEL = "-O";
				VALIDATE_PRODUCT = YES;
			};
			name = Release;
		};
		FF65C2112B39DB3F0046C11A /* Debug */ = {
			isa = XCBuildConfiguration;
			buildSettings = {
				ASSETCATALOG_COMPILER_APPICON_NAME = AppIcon;
				ASSETCATALOG_COMPILER_GLOBAL_ACCENT_COLOR_NAME = AccentColor;
				CODE_SIGN_STYLE = Automatic;
				CURRENT_PROJECT_VERSION = 1;
				DEVELOPMENT_TEAM = T985K3P4V7;
				GENERATE_INFOPLIST_FILE = YES;
				INFOPLIST_FILE = ArtBookProject/Info.plist;
				INFOPLIST_KEY_UIApplicationSupportsIndirectInputEvents = YES;
				INFOPLIST_KEY_UILaunchStoryboardName = LaunchScreen;
				INFOPLIST_KEY_UIMainStoryboardFile = Main;
				INFOPLIST_KEY_UISupportedInterfaceOrientations_iPad = "UIInterfaceOrientationPortrait UIInterfaceOrientationPortraitUpsideDown UIInterfaceOrientationLandscapeLeft UIInterfaceOrientationLandscapeRight";
				INFOPLIST_KEY_UISupportedInterfaceOrientations_iPhone = "UIInterfaceOrientationPortrait UIInterfaceOrientationLandscapeLeft UIInterfaceOrientationLandscapeRight";
				LD_RUNPATH_SEARCH_PATHS = (
					"$(inherited)",
					"@executable_path/Frameworks",
				);
				MARKETING_VERSION = 1.0;
				PRODUCT_BUNDLE_IDENTIFIER = com.omerapaydin.ArtBookProject;
				PRODUCT_NAME = "$(TARGET_NAME)";
				SWIFT_EMIT_LOC_STRINGS = YES;
				SWIFT_VERSION = 5.0;
				TARGETED_DEVICE_FAMILY = "1,2";
			};
			name = Debug;
		};
		FF65C2122B39DB3F0046C11A /* Release */ = {
			isa = XCBuildConfiguration;
			buildSettings = {
				ASSETCATALOG_COMPILER_APPICON_NAME = AppIcon;
				ASSETCATALOG_COMPILER_GLOBAL_ACCENT_COLOR_NAME = AccentColor;
				CODE_SIGN_STYLE = Automatic;
				CURRENT_PROJECT_VERSION = 1;
				DEVELOPMENT_TEAM = T985K3P4V7;
				GENERATE_INFOPLIST_FILE = YES;
				INFOPLIST_FILE = ArtBookProject/Info.plist;
				INFOPLIST_KEY_UIApplicationSupportsIndirectInputEvents = YES;
				INFOPLIST_KEY_UILaunchStoryboardName = LaunchScreen;
				INFOPLIST_KEY_UIMainStoryboardFile = Main;
				INFOPLIST_KEY_UISupportedInterfaceOrientations_iPad = "UIInterfaceOrientationPortrait UIInterfaceOrientationPortraitUpsideDown UIInterfaceOrientationLandscapeLeft UIInterfaceOrientationLandscapeRight";
				INFOPLIST_KEY_UISupportedInterfaceOrientations_iPhone = "UIInterfaceOrientationPortrait UIInterfaceOrientationLandscapeLeft UIInterfaceOrientationLandscapeRight";
				LD_RUNPATH_SEARCH_PATHS = (
					"$(inherited)",
					"@executable_path/Frameworks",
				);
				MARKETING_VERSION = 1.0;
				PRODUCT_BUNDLE_IDENTIFIER = com.omerapaydin.ArtBookProject;
				PRODUCT_NAME = "$(TARGET_NAME)";
				SWIFT_EMIT_LOC_STRINGS = YES;
				SWIFT_VERSION = 5.0;
				TARGETED_DEVICE_FAMILY = "1,2";
			};
			name = Release;
		};
		FF65C2142B39DB3F0046C11A /* Debug */ = {
			isa = XCBuildConfiguration;
			buildSettings = {
				ALWAYS_EMBED_SWIFT_STANDARD_LIBRARIES = YES;
				BUNDLE_LOADER = "$(TEST_HOST)";
				CODE_SIGN_STYLE = Automatic;
				CURRENT_PROJECT_VERSION = 1;
				DEVELOPMENT_TEAM = T985K3P4V7;
				GENERATE_INFOPLIST_FILE = YES;
				IPHONEOS_DEPLOYMENT_TARGET = 16.2;
				MARKETING_VERSION = 1.0;
				PRODUCT_BUNDLE_IDENTIFIER = com.omerapaydin.ArtBookProjectTests;
				PRODUCT_NAME = "$(TARGET_NAME)";
				SWIFT_EMIT_LOC_STRINGS = NO;
				SWIFT_VERSION = 5.0;
				TARGETED_DEVICE_FAMILY = "1,2";
				TEST_HOST = "$(BUILT_PRODUCTS_DIR)/ArtBookProject.app/$(BUNDLE_EXECUTABLE_FOLDER_PATH)/ArtBookProject";
			};
			name = Debug;
		};
		FF65C2152B39DB3F0046C11A /* Release */ = {
			isa = XCBuildConfiguration;
			buildSettings = {
				ALWAYS_EMBED_SWIFT_STANDARD_LIBRARIES = YES;
				BUNDLE_LOADER = "$(TEST_HOST)";
				CODE_SIGN_STYLE = Automatic;
				CURRENT_PROJECT_VERSION = 1;
				DEVELOPMENT_TEAM = T985K3P4V7;
				GENERATE_INFOPLIST_FILE = YES;
				IPHONEOS_DEPLOYMENT_TARGET = 16.2;
				MARKETING_VERSION = 1.0;
				PRODUCT_BUNDLE_IDENTIFIER = com.omerapaydin.ArtBookProjectTests;
				PRODUCT_NAME = "$(TARGET_NAME)";
				SWIFT_EMIT_LOC_STRINGS = NO;
				SWIFT_VERSION = 5.0;
				TARGETED_DEVICE_FAMILY = "1,2";
				TEST_HOST = "$(BUILT_PRODUCTS_DIR)/ArtBookProject.app/$(BUNDLE_EXECUTABLE_FOLDER_PATH)/ArtBookProject";
			};
			name = Release;
		};
		FF65C2172B39DB3F0046C11A /* Debug */ = {
			isa = XCBuildConfiguration;
			buildSettings = {
				ALWAYS_EMBED_SWIFT_STANDARD_LIBRARIES = YES;
				CODE_SIGN_STYLE = Automatic;
				CURRENT_PROJECT_VERSION = 1;
				DEVELOPMENT_TEAM = T985K3P4V7;
				GENERATE_INFOPLIST_FILE = YES;
				MARKETING_VERSION = 1.0;
				PRODUCT_BUNDLE_IDENTIFIER = com.omerapaydin.ArtBookProjectUITests;
				PRODUCT_NAME = "$(TARGET_NAME)";
				SWIFT_EMIT_LOC_STRINGS = NO;
				SWIFT_VERSION = 5.0;
				TARGETED_DEVICE_FAMILY = "1,2";
				TEST_TARGET_NAME = ArtBookProject;
			};
			name = Debug;
		};
		FF65C2182B39DB3F0046C11A /* Release */ = {
			isa = XCBuildConfiguration;
			buildSettings = {
				ALWAYS_EMBED_SWIFT_STANDARD_LIBRARIES = YES;
				CODE_SIGN_STYLE = Automatic;
				CURRENT_PROJECT_VERSION = 1;
				DEVELOPMENT_TEAM = T985K3P4V7;
				GENERATE_INFOPLIST_FILE = YES;
				MARKETING_VERSION = 1.0;
				PRODUCT_BUNDLE_IDENTIFIER = com.omerapaydin.ArtBookProjectUITests;
				PRODUCT_NAME = "$(TARGET_NAME)";
				SWIFT_EMIT_LOC_STRINGS = NO;
				SWIFT_VERSION = 5.0;
				TARGETED_DEVICE_FAMILY = "1,2";
				TEST_TARGET_NAME = ArtBookProject;
			};
			name = Release;
		};
/* End XCBuildConfiguration section */

/* Begin XCConfigurationList section */
		FF65C1DE2B39DB3E0046C11A /* Build configuration list for PBXProject "ArtBookProject" */ = {
			isa = XCConfigurationList;
			buildConfigurations = (
				FF65C20E2B39DB3F0046C11A /* Debug */,
				FF65C20F2B39DB3F0046C11A /* Release */,
			);
			defaultConfigurationIsVisible = 0;
			defaultConfigurationName = Release;
		};
		FF65C2102B39DB3F0046C11A /* Build configuration list for PBXNativeTarget "ArtBookProject" */ = {
			isa = XCConfigurationList;
			buildConfigurations = (
				FF65C2112B39DB3F0046C11A /* Debug */,
				FF65C2122B39DB3F0046C11A /* Release */,
			);
			defaultConfigurationIsVisible = 0;
			defaultConfigurationName = Release;
		};
		FF65C2132B39DB3F0046C11A /* Build configuration list for PBXNativeTarget "ArtBookProjectTests" */ = {
			isa = XCConfigurationList;
			buildConfigurations = (
				FF65C2142B39DB3F0046C11A /* Debug */,
				FF65C2152B39DB3F0046C11A /* Release */,
			);
			defaultConfigurationIsVisible = 0;
			defaultConfigurationName = Release;
		};
		FF65C2162B39DB3F0046C11A /* Build configuration list for PBXNativeTarget "ArtBookProjectUITests" */ = {
			isa = XCConfigurationList;
			buildConfigurations = (
				FF65C2172B39DB3F0046C11A /* Debug */,
				FF65C2182B39DB3F0046C11A /* Release */,
			);
			defaultConfigurationIsVisible = 0;
			defaultConfigurationName = Release;
		};
/* End XCConfigurationList section */

/* Begin XCVersionGroup section */
		FF65C1EF2B39DB3E0046C11A /* ArtBookProject.xcdatamodeld */ = {
			isa = XCVersionGroup;
			children = (
				FF65C1F02B39DB3E0046C11A /* ArtBookProject.xcdatamodel */,
			);
			currentVersion = FF65C1F02B39DB3E0046C11A /* ArtBookProject.xcdatamodel */;
			path = ArtBookProject.xcdatamodeld;
			sourceTree = "<group>";
			versionGroupType = wrapper.xcdatamodel;
		};
/* End XCVersionGroup section */
	};
	rootObject = FF65C1DB2B39DB3E0046C11A /* Project object */;
}
